
Microsoft Visual Studio Solution File, Format Version 12.00
Project("{FAE04EC0-301F-11D3-BF4B-00C04F79EFBC}") = "EnigmaWin", "EnigmaWin\EnigmaWin.csproj", "{F7C1934A-ED13-4B86-B1D3-512CAA6D5890}"
EndProject
Global
	GlobalSection(SolutionConfigurationPlatforms) = preSolution
		Debug|Any CPU = Debug|Any CPU
		Release|Any CPU = Release|Any CPU
	EndGlobalSection
	GlobalSection(ProjectConfigurationPlatforms) = postSolution
		{F7C1934A-ED13-4B86-B1D3-512CAA6D5890}.Debug|Any CPU.ActiveCfg = Debug|Any CPU
		{F7C1934A-ED13-4B86-B1D3-512CAA6D5890}.Debug|Any CPU.Build.0 = Debug|Any CPU
		{F7C1934A-ED13-4B86-B1D3-512CAA6D5890}.Release|Any CPU.ActiveCfg = Release|Any CPU
		{F7C1934A-ED13-4B86-B1D3-512CAA6D5890}.Release|Any CPU.Build.0 = Release|Any CPU
	EndGlobalSection
EndGlobal
